
Microsoft Visual Studio Solution File, Format Version 12.00
# Visual Studio 15
VisualStudioVersion = 15.0.27703.2047
MinimumVisualStudioVersion = 10.0.40219.1
Project("{FAE04EC0-301F-11D3-BF4B-00C04F79EFBC}") = "Collections.ConsoleApplication01", "Collections.ConsoleApplication01\Collections.ConsoleApplication01.csproj", "{BA0E0CF7-CAA4-4950-A9E6-34C1102212A7}"
EndProject
Global
	GlobalSection(SolutionConfigurationPlatforms) = preSolution
		Debug|Any CPU = Debug|Any CPU
		Release|Any CPU = Release|Any CPU
	EndGlobalSection
	GlobalSection(ProjectConfigurationPlatforms) = postSolution
		{BA0E0CF7-CAA4-4950-A9E6-34C1102212A7}.Debug|Any CPU.ActiveCfg = Debug|Any CPU
		{BA0E0CF7-CAA4-4950-A9E6-34C1102212A7}.Debug|Any CPU.Build.0 = Debug|Any CPU
		{BA0E0CF7-CAA4-4950-A9E6-34C1102212A7}.Release|Any CPU.ActiveCfg = Release|Any CPU
		{BA0E0CF7-CAA4-4950-A9E6-34C1102212A7}.Release|Any CPU.Build.0 = Release|Any CPU
	EndGlobalSection
	GlobalSection(SolutionProperties) = preSolution
		HideSolutionNode = FALSE
	EndGlobalSection
	GlobalSection(ExtensibilityGlobals) = postSolution
		SolutionGuid = {519FE30E-B53B-473C-AD93-5C5E5E3F599A}
	EndGlobalSection
EndGlobal
